<?xml version="1.0" encoding="utf-8"?>
<Project ToolsVersion="4.0" xmlns="http://schemas.microsoft.com/developer/msbuild/2003">
  <ItemGroup>
    <ClCompile Include="main.cpp" />
    <ClCompile Include="base1.cpp" />
    <ClCompile Include="base2.cpp" />
    <ClCompile Include="derive.cpp" />
    <ClCompile Include="base0.cpp" />
  </ItemGroup>
  <ItemGroup>
    <ClInclude Include="base1.h" />
    <ClInclude Include="base2.h" />
    <ClInclude Include="derive.h" />
    <ClInclude Include="base0.h" />
  </ItemGroup>
</Project>